
Microsoft Visual Studio Solution File, Format Version 12.00
# Visual Studio 14
VisualStudioVersion = 14.0.25420.1
MinimumVisualStudioVersion = 10.0.40219.1
Project("{FAE04EC0-301F-11D3-BF4B-00C04F79EFBC}") = "OldBoardGamesNeedLoveToo.Models", "OldBoardGamesNeedLoveToo.Models\OldBoardGamesNeedLoveToo.Models.csproj", "{C9214AE0-3736-44BA-BC8F-DAD2232B9422}"
EndProject
Project("{FAE04EC0-301F-11D3-BF4B-00C04F79EFBC}") = "OldBoardGamesNeedLoveToo.Web", "OldBoardGamesNeedLoveToo.Web\OldBoardGamesNeedLoveToo.Web.csproj", "{4FDDA561-A394-4C17-B416-9D77901AC043}"
EndProject
Project("{FAE04EC0-301F-11D3-BF4B-00C04F79EFBC}") = "OldBoardGamesNeedLoveToo.Data", "OldBoardGamesNeedLoveToo.Data\OldBoardGamesNeedLoveToo.Data.csproj", "{914CF4C6-E913-4FFE-9327-1DAA99E69C6F}"
EndProject
Project("{FAE04EC0-301F-11D3-BF4B-00C04F79EFBC}") = "OldBoardGamesNeedLoveToo.MVP", "OldBoardGamesNeedLoveToo.MVP\OldBoardGamesNeedLoveToo.MVP.csproj", "{44603C4C-3431-417C-A0B0-6283440370A8}"
EndProject
Project("{FAE04EC0-301F-11D3-BF4B-00C04F79EFBC}") = "OldBoardGamesNeedLoveToo.Services", "OldBoardGamesNeedLoveToo.Services\OldBoardGamesNeedLoveToo.Services.csproj", "{D62B3951-73C5-43E6-9D6C-2E7E4CEA5ABA}"
EndProject
Project("{FAE04EC0-301F-11D3-BF4B-00C04F79EFBC}") = "OldBoardGamesNeedLoveToo.Auth", "OldBoardGamesNeedLoveToo.Auth\OldBoardGamesNeedLoveToo.Auth.csproj", "{101540AB-310D-415B-A61F-94B8B3FFF8AE}"
EndProject
Global
	GlobalSection(SolutionConfigurationPlatforms) = preSolution
		Debug|Any CPU = Debug|Any CPU
		Release|Any CPU = Release|Any CPU
	EndGlobalSection
	GlobalSection(ProjectConfigurationPlatforms) = postSolution
		{C9214AE0-3736-44BA-BC8F-DAD2232B9422}.Debug|Any CPU.ActiveCfg = Debug|Any CPU
		{C9214AE0-3736-44BA-BC8F-DAD2232B9422}.Debug|Any CPU.Build.0 = Debug|Any CPU
		{C9214AE0-3736-44BA-BC8F-DAD2232B9422}.Release|Any CPU.ActiveCfg = Release|Any CPU
		{C9214AE0-3736-44BA-BC8F-DAD2232B9422}.Release|Any CPU.Build.0 = Release|Any CPU
		{4FDDA561-A394-4C17-B416-9D77901AC043}.Debug|Any CPU.ActiveCfg = Debug|Any CPU
		{4FDDA561-A394-4C17-B416-9D77901AC043}.Debug|Any CPU.Build.0 = Debug|Any CPU
		{4FDDA561-A394-4C17-B416-9D77901AC043}.Release|Any CPU.ActiveCfg = Release|Any CPU
		{4FDDA561-A394-4C17-B416-9D77901AC043}.Release|Any CPU.Build.0 = Release|Any CPU
		{914CF4C6-E913-4FFE-9327-1DAA99E69C6F}.Debug|Any CPU.ActiveCfg = Debug|Any CPU
		{914CF4C6-E913-4FFE-9327-1DAA99E69C6F}.Debug|Any CPU.Build.0 = Debug|Any CPU
		{914CF4C6-E913-4FFE-9327-1DAA99E69C6F}.Release|Any CPU.ActiveCfg = Release|Any CPU
		{914CF4C6-E913-4FFE-9327-1DAA99E69C6F}.Release|Any CPU.Build.0 = Release|Any CPU
		{44603C4C-3431-417C-A0B0-6283440370A8}.Debug|Any CPU.ActiveCfg = Debug|Any CPU
		{44603C4C-3431-417C-A0B0-6283440370A8}.Debug|Any CPU.Build.0 = Debug|Any CPU
		{44603C4C-3431-417C-A0B0-6283440370A8}.Release|Any CPU.ActiveCfg = Release|Any CPU
		{44603C4C-3431-417C-A0B0-6283440370A8}.Release|Any CPU.Build.0 = Release|Any CPU
		{D62B3951-73C5-43E6-9D6C-2E7E4CEA5ABA}.Debug|Any CPU.ActiveCfg = Debug|Any CPU
		{D62B3951-73C5-43E6-9D6C-2E7E4CEA5ABA}.Debug|Any CPU.Build.0 = Debug|Any CPU
		{D62B3951-73C5-43E6-9D6C-2E7E4CEA5ABA}.Release|Any CPU.ActiveCfg = Release|Any CPU
		{D62B3951-73C5-43E6-9D6C-2E7E4CEA5ABA}.Release|Any CPU.Build.0 = Release|Any CPU
		{101540AB-310D-415B-A61F-94B8B3FFF8AE}.Debug|Any CPU.ActiveCfg = Debug|Any CPU
		{101540AB-310D-415B-A61F-94B8B3FFF8AE}.Debug|Any CPU.Build.0 = Debug|Any CPU
		{101540AB-310D-415B-A61F-94B8B3FFF8AE}.Release|Any CPU.ActiveCfg = Release|Any CPU
		{101540AB-310D-415B-A61F-94B8B3FFF8AE}.Release|Any CPU.Build.0 = Release|Any CPU
	EndGlobalSection
	GlobalSection(SolutionProperties) = preSolution
		HideSolutionNode = FALSE
	EndGlobalSection
EndGlobal
